
Microsoft Visual Studio Solution File, Format Version 11.00
# Visual Studio 2010
Project("{FAE04EC0-301F-11D3-BF4B-00C04F79EFBC}") = "Ajedrez-Tactico", "Assembly-CSharp.csproj", "{1E01F9BF-18EA-F49C-8C30-07F067154938}"
EndProject
Project("{FAE04EC0-301F-11D3-BF4B-00C04F79EFBC}") = "Ajedrez-Tactico", "Assembly-CSharp-Editor.csproj", "{B01B82F0-CD3C-8AA2-7AC1-BBF076911AD4}"
EndProject
Global
	GlobalSection(SolutionConfigurationPlatforms) = preSolution
		Debug|Any CPU = Debug|Any CPU
		Release|Any CPU = Release|Any CPU
	EndGlobalSection
	GlobalSection(ProjectConfigurationPlatforms) = postSolution
		{1E01F9BF-18EA-F49C-8C30-07F067154938}.Debug|Any CPU.ActiveCfg = Debug|Any CPU
		{1E01F9BF-18EA-F49C-8C30-07F067154938}.Debug|Any CPU.Build.0 = Debug|Any CPU
		{1E01F9BF-18EA-F49C-8C30-07F067154938}.Release|Any CPU.ActiveCfg = Release|Any CPU
		{1E01F9BF-18EA-F49C-8C30-07F067154938}.Release|Any CPU.Build.0 = Release|Any CPU
		{B01B82F0-CD3C-8AA2-7AC1-BBF076911AD4}.Debug|Any CPU.ActiveCfg = Debug|Any CPU
		{B01B82F0-CD3C-8AA2-7AC1-BBF076911AD4}.Debug|Any CPU.Build.0 = Debug|Any CPU
		{B01B82F0-CD3C-8AA2-7AC1-BBF076911AD4}.Release|Any CPU.ActiveCfg = Release|Any CPU
		{B01B82F0-CD3C-8AA2-7AC1-BBF076911AD4}.Release|Any CPU.Build.0 = Release|Any CPU
	EndGlobalSection
	GlobalSection(SolutionProperties) = preSolution
		HideSolutionNode = FALSE
	EndGlobalSection
	GlobalSection(MonoDevelopProperties) = preSolution
		StartupItem = Assembly-CSharp.csproj
	EndGlobalSection
EndGlobal
